
Microsoft Visual Studio Solution File, Format Version 12.00
# Visual Studio Version 16
VisualStudioVersion = 16.0.30413.136
MinimumVisualStudioVersion = 10.0.40219.1
Project("{FAE04EC0-301F-11D3-BF4B-00C04F79EFBC}") = "Peer", "Peer.csproj", "{01180073-FD7D-4D49-914A-F212A4803CCA}"
EndProject
Global
	GlobalSection(SolutionConfigurationPlatforms) = preSolution
		Debug|Any CPU = Debug|Any CPU
		Release|Any CPU = Release|Any CPU
	EndGlobalSection
	GlobalSection(ProjectConfigurationPlatforms) = postSolution
		{01180073-FD7D-4D49-914A-F212A4803CCA}.Debug|Any CPU.ActiveCfg = Debug|Any CPU
		{01180073-FD7D-4D49-914A-F212A4803CCA}.Debug|Any CPU.Build.0 = Debug|Any CPU
		{01180073-FD7D-4D49-914A-F212A4803CCA}.Release|Any CPU.ActiveCfg = Release|Any CPU
		{01180073-FD7D-4D49-914A-F212A4803CCA}.Release|Any CPU.Build.0 = Release|Any CPU
	EndGlobalSection
	GlobalSection(SolutionProperties) = preSolution
		HideSolutionNode = FALSE
	EndGlobalSection
	GlobalSection(ExtensibilityGlobals) = postSolution
		SolutionGuid = {58C194E3-7C6D-4381-B4DC-67B1CC63A073}
	EndGlobalSection
EndGlobal
